PODS:
  - Alamofire (4.9.1)
  - AlamofireNetworkActivityIndicator (2.2.0):
    - Alamofire (~> 4.5)
  - SwiftyJSON (5.0.0)

DEPENDENCIES:
  - Alamofire (~> 4.5)
  - AlamofireNetworkActivityIndicator (= 2.2)
  - SwiftyJSON

SPEC REPOS:
  https://github.com/CocoaPods/Specs.git:
    - Alamofire
    - AlamofireNetworkActivityIndicator
    - SwiftyJSON

SPEC CHECKSUMS:
  Alamofire: 85e8a02c69d6020a0d734f6054870d7ecb75cf18
  AlamofireNetworkActivityIndicator: 81e1630e7cfed22a4e4e82a174c59e651dc4f8ca
  SwiftyJSON: 36413e04c44ee145039d332b4f4e2d3e8d6c4db7

PODFILE CHECKSUM: 2d76803740c447274c52aebed4ad4cbdde712318

COCOAPODS: 1.8.4
